dependencies:
- name: grafana-operator
  repository: oci://ghcr.io/grafana/helm-charts
  version: v5.13.0
- name: victoria-metrics-operator
  repository: https://victoriametrics.github.io/helm-charts/
  version: 0.36.0
- name: opentelemetry-operator
  repository: https://open-telemetry.github.io/opentelemetry-helm-charts
  version: 0.75.1
digest: sha256:23cadc16d149fd2b1dce44d3f3f9b812840afde1e44d8181502c01bc0940b1ed
generated: "2024-12-17T11:38:56.253667+02:00"
