dependencies:
- name: grafana-operator
  repository: oci://ghcr.io/grafana/helm-charts
  version: v5.13.0
- name: victoria-metrics-operator
  repository: https://victoriametrics.github.io/helm-charts/
  version: 0.36.0
- name: cluster-api-visualizer
  repository: https://jont828.github.io/cluster-api-visualizer/charts
  version: 1.4.0
digest: sha256:9a438f4f7eb7fe7a6905c6c9489dabac5de1c9f9234fb7d4804ac822ed5cc909
generated: "2025-01-03T10:54:19.243418+02:00"
