dependencies:
- name: victoria-metrics-operator
  repository: https://victoriametrics.github.io/helm-charts/
  version: 0.36.0
- name: prometheus-node-exporter
  repository: https://prometheus-community.github.io/helm-charts
  version: 4.39.0
- name: prometheus-operator-crds
  repository: https://prometheus-community.github.io/helm-charts
  version: 15.0.0
- name: kube-state-metrics
  repository: https://prometheus-community.github.io/helm-charts
  version: 5.25.1
- name: fluent-bit
  repository: https://fluent.github.io/helm-charts
  version: 0.47.10
- name: opencost
  repository: https://opencost.github.io/opencost-helm-chart
  version: 1.42.3
- name: opentelemetry-operator
  repository: https://open-telemetry.github.io/opentelemetry-helm-charts
  version: 0.75.1
digest: sha256:fe0cf8c97a0e4986489f788a9aa9a717e7d78cf54b044684e9c2cdb58f98741f
generated: "2024-12-17T11:38:45.389027+02:00"
