dependencies:
- name: grafana-operator
  repository: oci://ghcr.io/grafana/helm-charts
  version: v5.13.0
- name: victoria-metrics-operator
  repository: https://victoriametrics.github.io/helm-charts/
  version: 0.36.0
- name: cluster-api-visualizer
  repository: oci://ghcr.io/k0rdent/cluster-api-visualizer/charts
  version: 1.4.0
- name: sveltos-dashboard
  repository: https://projectsveltos.github.io/dashboard-helm-chart
  version: 0.44.0
digest: sha256:34e60e39fba47770f731d37fbcda29fceb43329d35af154ad1e88e452112c266
generated: "2025-02-06T16:45:11.526925+02:00"
