dependencies:
- name: grafana-operator
  repository: oci://ghcr.io/grafana/helm-charts
  version: v5.15.1
- name: victoria-metrics-operator
  repository: https://victoriametrics.github.io/helm-charts/
  version: 0.40.5
- name: victoria-logs-single
  repository: https://victoriametrics.github.io/helm-charts/
  version: 0.8.14
- name: external-dns
  repository: https://kubernetes-sigs.github.io/external-dns/
  version: 1.15.0
digest: sha256:e0827633711b93af6d0308f36589c08f9e2605c4f22dec5315c2347717285fab
generated: "2025-01-20T14:46:52.092311+02:00"
