dependencies:
- name: prometheus-node-exporter
  repository: https://prometheus-community.github.io/helm-charts
  version: 4.39.0
- name: kube-state-metrics
  repository: https://prometheus-community.github.io/helm-charts
  version: 5.25.1
- name: opencost
  repository: https://opencost.github.io/opencost-helm-chart
  version: 1.42.3
digest: sha256:5d72bb43842150022dccab88096331cfdde00098f6b9e4e7e7067359da949de7
generated: "2024-12-23T18:30:11.331385+02:00"
