dependencies:
- name: cert-manager-istio-csr
  repository: https://charts.jetstack.io
  version: v0.14.0
- name: base
  repository: https://istio-release.storage.googleapis.com/charts
  version: 1.24.3
- name: istiod
  repository: https://istio-release.storage.googleapis.com/charts
  version: 1.24.3
digest: sha256:57e8d8db8b9773f8c1cff256cda10742f63f8e96183a95462f5a653ea83f3279
generated: "2025-03-14T10:55:43.638253+02:00"
